{
    "_meta": {
        "hash": {
            "sha256": "bc5e38f1af9a75ba48ef42525d23c7cc2724d8816c275d6c65a91b86479e2fb6"
        },
        "pipfile-spec": 6,
        "requires": {
            "python_version": "3.7"
        },
        "sources": [
            {
                "name": "pypi",
                "url": "https://pypi.org/simple",
                "verify_ssl": true
            }
        ]
    },
    "default": {
        "graphviz": {
            "hashes": [
                "sha256:cb0e878f90378489f17aab140b68e64e44b79e4cb59a530c8863d84bf2e2e5f5",
                "sha256:e104ba036c8aef84320ec80560e544cd3cad68c9f90394b4e2b87bc44ab09791"
            ],
            "index": "pypi",
            "version": "==0.14"
        },
        "numpy": {
            "hashes": [
                "sha256:00d7b54c025601e28f468953d065b9b121ddca7fff30bed7be082d3656dd798d",
                "sha256:02ec9582808c4e48be4e93cd629c855e644882faf704bc2bd6bbf58c08a2a897",
                "sha256:0e6f72f7bb08f2f350ed4408bb7acdc0daba637e73bce9f5ea2b207039f3af88",
                "sha256:1be2e96314a66f5f1ce7764274327fd4fb9da58584eaff00b5a5221edefee7d6",
                "sha256:2466fbcf23711ebc5daa61d28ced319a6159b260a18839993d871096d66b93f7",
                "sha256:2b573fcf6f9863ce746e4ad00ac18a948978bb3781cffa4305134d31801f3e26",
                "sha256:3f0dae97e1126f529ebb66f3c63514a0f72a177b90d56e4bce8a0b5def34627a",
                "sha256:50fb72bcbc2cf11e066579cb53c4ca8ac0227abb512b6cbc1faa02d1595a2a5d",
                "sha256:57aea170fb23b1fd54fa537359d90d383d9bf5937ee54ae8045a723caa5e0961",
                "sha256:709c2999b6bd36cdaf85cf888d8512da7433529f14a3689d6e37ab5242e7add5",
                "sha256:7d59f21e43bbfd9a10953a7e26b35b6849d888fc5a331fa84a2d9c37bd9fe2a2",
                "sha256:904b513ab8fbcbdb062bed1ce2f794ab20208a1b01ce9bd90776c6c7e7257032",
                "sha256:96dd36f5cdde152fd6977d1bbc0f0561bccffecfde63cd397c8e6033eb66baba",
                "sha256:9933b81fecbe935e6a7dc89cbd2b99fea1bf362f2790daf9422a7bb1dc3c3085",
                "sha256:bbcc85aaf4cd84ba057decaead058f43191cc0e30d6bc5d44fe336dc3d3f4509",
                "sha256:dccd380d8e025c867ddcb2f84b439722cf1f23f3a319381eac45fd077dee7170",
                "sha256:e22cd0f72fc931d6abc69dc7764484ee20c6a60b0d0fee9ce0426029b1c1bdae",
                "sha256:ed722aefb0ebffd10b32e67f48e8ac4c5c4cf5d3a785024fdf0e9eb17529cd9d",
                "sha256:efb7ac5572c9a57159cf92c508aad9f856f1cb8e8302d7fdb99061dbe52d712c",
                "sha256:efdba339fffb0e80fcc19524e4fdbda2e2b5772ea46720c44eaac28096d60720",
                "sha256:f22273dd6a403ed870207b853a856ff6327d5cbce7a835dfa0645b3fc00273ec"
            ],
            "markers": "python_version >= '3.0'",
            "version": "==1.18.4"
        },
        "pillow": {
            "hashes": [
                "sha256:04766c4930c174b46fd72d450674612ab44cca977ebbcc2dde722c6933290107",
                "sha256:0e2a3bceb0fd4e0cb17192ae506d5f082b309ffe5fc370a5667959c9b2f85fa3",
                "sha256:0f01e63c34f0e1e2580cc0b24e86a5ccbbfa8830909a52ee17624c4193224cd9",
                "sha256:12e4bad6bddd8546a2f9771485c7e3d2b546b458ae8ff79621214119ac244523",
                "sha256:1f694e28c169655c50bb89a3fa07f3b854d71eb47f50783621de813979ba87f3",
                "sha256:3d25dd8d688f7318dca6d8cd4f962a360ee40346c15893ae3b95c061cdbc4079",
                "sha256:4b02b9c27fad2054932e89f39703646d0c543f21d3cc5b8e05434215121c28cd",
                "sha256:9744350687459234867cbebfe9df8f35ef9e1538f3e729adbd8fde0761adb705",
                "sha256:a0b49960110bc6ff5fead46013bcb8825d101026d466f3a4de3476defe0fb0dd",
                "sha256:ae2b270f9a0b8822b98655cb3a59cdb1bd54a34807c6c56b76dd2e786c3b7db3",
                "sha256:b37bb3bd35edf53125b0ff257822afa6962649995cbdfde2791ddb62b239f891",
                "sha256:b532bcc2f008e96fd9241177ec580829dee817b090532f43e54074ecffdcd97f",
                "sha256:b67a6c47ed963c709ed24566daa3f95a18f07d3831334da570c71da53d97d088",
                "sha256:b943e71c2065ade6fef223358e56c167fc6ce31c50bc7a02dd5c17ee4338e8ac",
                "sha256:ccc9ad2460eb5bee5642eaf75a0438d7f8887d484490d5117b98edd7f33118b7",
                "sha256:d23e2aa9b969cf9c26edfb4b56307792b8b374202810bd949effd1c6e11ebd6d",
                "sha256:eaa83729eab9c60884f362ada982d3a06beaa6cc8b084cf9f76cae7739481dfa",
                "sha256:ee94fce8d003ac9fd206496f2707efe9eadcb278d94c271f129ab36aa7181344",
                "sha256:f455efb7a98557412dc6f8e463c1faf1f1911ec2432059fa3e582b6000fc90e2",
                "sha256:f46e0e024346e1474083c729d50de909974237c72daca05393ee32389dabe457",
                "sha256:f54be399340aa602066adb63a86a6a5d4f395adfdd9da2b9a0162ea808c7b276",
                "sha256:f784aad988f12c80aacfa5b381ec21fd3f38f851720f652b9f33facc5101cf4d"
            ],
            "version": "==7.1.2"
        },
        "pymupdf": {
            "hashes": [
                "sha256:0095add485b1a87517e8434743f2697976094df134a5cb1d531b5d63c733697d",
                "sha256:0de92a8fb65db6e661594cc5865a340a2daac3cb9bb58e030820769ece1343c1",
                "sha256:0f156bd7c5ddb80ab1b0c924a4cc37688ce1ee77afd9a13018fd3658a334d6f8",
                "sha256:11777d7a8321a3d91125b987e7bc8ee98417fe829e70127df3d44ccc31ecd0b0",
                "sha256:19433257a99754fa21390299882404db1fa70fb666467bc468000010f94f7822",
                "sha256:1993488de5915dfb99743134cab1bb580c8a1186541331c3804fd66c4acf30ff",
                "sha256:3dc6f80f06bddefd2af53644f6f78c6b20aea323fc8b21e70db060454359c7fd",
                "sha256:478e1cae0dd693c310a5ec03c0c467d24f033704ac456f20d4d378bcdcc59315",
                "sha256:504a7b5c043b13dbff07ea2c285b5f663ee9834a96e08872b7be19587baef8ab",
                "sha256:5a07c8287646ea5d9aeab69ae8d427f2018770f100e85e6f126f17aa5352d8a7",
                "sha256:607da91ed1e080e40dd608aec8c2dce78d2cbe490b74c866be3e43d80ebf695a",
                "sha256:6210e00c4f0a5344351596b813954884305bef88d3f1af1b704fe7134ef12823",
                "sha256:792abc4f0ed86972ea8106c996186f71bfb971814d934ad0880fab820ebbf0fb",
                "sha256:845a6c4271d4f590d1e6f3de93abc979f48d89c9aa2726aa12afa65c698a79c6",
                "sha256:86601231171932445b903f1188f81a185c8b31544a98a1ed60dd5ca0b0a8bf11",
                "sha256:91d9b3a0b73938c2db7dea5b65da3ababfe0e5027746ac60691424ac6b5bb1e0",
                "sha256:9f5e33c83e54e52393e22007b95de4e063494c5169aca4b613711772f38be798",
                "sha256:ad547e65ecbf89e061f6fbd11b570327c9d87bd84f2aeca6293fab8bb2a32f9b",
                "sha256:b17889270590fc7c7ddf6f9bb226eab1a8e299860af10638dd2e0c95df6e5acc",
                "sha256:b3e940905e22baa13216b87792d5aa0c42ba6316ce9a817ee09ef75772ac4722",
                "sha256:e50307d5ded4d3336840e6e350f558ec65357aa0ae0742937ae188d1ea22430f",
                "sha256:eb9f47f2d4c7ad35412faedb59d2cbc7edb4589022f4000037641964d5b491b2"
            ],
            "index": "pypi",
            "version": "==1.17.0"
        },
        "six": {
            "hashes": [
                "sha256:30639c035cdb23534cd4aa2dd52c3bf48f06e5f4a941509c8bafd8ce11080259",
                "sha256:8b74bedcbbbaca38ff6d7491d76f2b06b3592611af620f8426e82dddb04a5ced"
            ],
            "version": "==1.15.0"
        },
        "tatsu": {
            "hashes": [
                "sha256:80713413473a009f2081148d0f494884cabaf9d6866b71f2a68a92b6442f343d",
                "sha256:c9211eeee9a2d4c90f69879ec0b518b1aa0d9450249cb0dd181f5f5b18be0a92"
            ],
            "index": "pypi",
            "version": "==4.4.0"
        },
        "wxpython": {
            "hashes": [
                "sha256:0a920b94c6d1f9e1fbb8d036773b293905b913bdca85a6e85aadf106565d1f53",
                "sha256:0c12164e59147ed820513c5a396c46d5ec600988bc0bb237cf0cd7defcfdf26a",
                "sha256:25ca6acdb11c7af681c1d0c0936f831c3bf403b0bcf59452d34d6540de77c8f2",
                "sha256:2e2475cb755ac8d93d2f9335c39c060b4d17ecb5d4e0e86626d1e2834b64a48b",
                "sha256:413f8b36670706256d5e4d712742e7d73c5f59435ea3f903169d1da066fdfe80",
                "sha256:691ac689cee21df79d2b3b5d327c65c4e660610f8d5b64ac813c57048eaf1835",
                "sha256:7e8b94387243722550bc053b3251f3255a8fd58d5c09a35ecc2d98111644f44f",
                "sha256:908c3b79849547a400c353ab552878e179826100c117cbdc34000272d68ea4e5",
                "sha256:93ef5c5a9a20ea183615cdebdd0a63658b511bc566eeeb06aca312ced383b867",
                "sha256:a0452911ffb5127e32d5a0f828c7c24ee233a786b4f24308924795d515dda8d3",
                "sha256:c26d8ba212c6813f597df14841f3683d76a8c6f6079708ebd66f01674384b7da",
                "sha256:e366fef08f589d41572d472befa7ce280e269f97ce2e6005d46868c1021f75e5",
                "sha256:f4b90118c708ae725262938611a056c87cbfbbfb5659bcdbc09b347821483b50"
            ],
            "index": "pypi",
            "version": "==4.1.0"
        }
    },
    "develop": {
        "cppyy": {
            "hashes": [
                "sha256:3d7bd1b0f5580ffe62109abd3e0efe358ad9c31e636cd60cd09d7f6b2d52926c"
            ],
            "index": "pypi",
            "version": "==1.7.0"
        },
        "cppyy-backend": {
            "hashes": [
                "sha256:303c440d3808f74885ae80d3136e0edf33fc726952fd17d5126a30d11f801c6b"
            ],
            "version": "==1.11.0"
        },
        "cppyy-cling": {
            "hashes": [
                "sha256:2edd7fd210ef81a9e78f844932e51469abe150587bad0780778bd5d2468b4eb9",
                "sha256:73ea081fae015020a173896dab7d332d1c5406c1baca082ff0c27fc24d17f4cb",
                "sha256:98848f4ab99c0efd52985e0ab52da847ba50204566bfd8dc5f88ade75ee3d7c6",
                "sha256:a6a1cef60f63ba50076c3bdc2fb830dd1c7e822cc40284d390e73330823a945f",
                "sha256:cb03868b6db6db968aecf4df24a160f4b36ce05a717a0b02ad528edec68d2c2d"
            ],
            "version": "==6.20.4.0"
        },
        "cpycppyy": {
            "hashes": [
                "sha256:1b401ce30727eae24a5c13ee5cc11e6ea4a5805cc2e37b3a4b9aac4944051c74"
            ],
            "version": "==1.10.3"
        }
    }
}
