[[package]]
name = "altgraph"
version = "0.17"
description = "Python graph (network) package"
category = "dev"
optional = false
python-versions = "*"

[[package]]
name = "appdirs"
version = "1.4.4"
description = "A small Python module for determining appropriate platform-specific dirs, e.g. a \"user data dir\"."
category = "main"
optional = false
python-versions = "*"

[[package]]
name = "cppyy"
version = "1.8.4"
description = "Cling-based Python-C++ bindings"
category = "dev"
optional = false
python-versions = "*"

[package.dependencies]
cppyy-backend = "1.14.1"
cppyy-cling = "6.21.4"
CPyCppyy = "1.11.5"

[[package]]
name = "cppyy-backend"
version = "1.14.1"
description = "C/C++ wrapper for Cling"
category = "dev"
optional = false
python-versions = "*"

[package.dependencies]
cppyy-cling = ">=6.21.4"

[[package]]
name = "cppyy-cling"
version = "6.21.4"
description = "Re-packaged Cling, as backend for cppyy"
category = "dev"
optional = false
python-versions = "*"

[[package]]
name = "cpycppyy"
version = "1.11.5"
description = "Cling-based Python-C++ bindings for CPython"
category = "dev"
optional = false
python-versions = "*"

[package.dependencies]
cppyy-backend = ">=1.14.1"
cppyy-cling = ">=6.21.4"

[[package]]
name = "future"
version = "0.18.2"
description = "Clean single-source support for Python 3 and 2"
category = "dev"
optional = false
python-versions = ">=2.6, !=3.0.*, !=3.1.*, !=3.2.*"

[[package]]
name = "graphviz"
version = "0.14.2"
description = "Simple Python interface for Graphviz"
category = "main"
optional = false
python-versions = ">=2.7,!=3.0.*,!=3.1.*,!=3.2.*,!=3.3.*,!=3.4.*"

[package.extras]
dev = ["tox (>=3)", "flake8", "pep8-naming", "wheel", "twine"]
docs = ["sphinx (>=1.8)", "sphinx-rtd-theme"]
test = ["mock (>=3)", "pytest (>=4)", "pytest-mock (>=2)", "pytest-cov"]

[[package]]
name = "macholib"
version = "1.14"
description = "Mach-O header analysis and editing"
category = "dev"
optional = false
python-versions = "*"

[package.dependencies]
altgraph = ">=0.15"

[[package]]
name = "numpy"
version = "1.19.2"
description = "NumPy is the fundamental package for array computing with Python."
category = "main"
optional = false
python-versions = ">=3.6"

[[package]]
name = "pefile"
version = "2019.4.18"
description = "Python PE parsing module"
category = "dev"
optional = false
python-versions = "*"

[package.dependencies]
future = "*"

[[package]]
name = "pillow"
version = "8.1.1"
description = "Python Imaging Library (Fork)"
category = "main"
optional = false
python-versions = ">=3.6"

[[package]]
name = "pyinstaller"
version = "4.0"
description = "PyInstaller bundles a Python application and all its dependencies into a single package."
category = "dev"
optional = false
python-versions = "*"

[package.dependencies]
altgraph = "*"
macholib = {version = ">=1.8", markers = "sys_platform == \"darwin\""}
pefile = {version = ">=2017.8.1", markers = "sys_platform == \"win32\""}
pyinstaller-hooks-contrib = ">=2020.6"
pywin32-ctypes = {version = ">=0.2.0", markers = "sys_platform == \"win32\""}

[package.extras]
encryption = ["tinyaes (>=1.0.0)"]
hook_testing = ["pytest (>=2.7.3)", "execnet (>=1.5.0)", "psutil"]

[[package]]
name = "pyinstaller-hooks-contrib"
version = "2020.9"
description = "Community maintained hooks for PyInstaller"
category = "dev"
optional = false
python-versions = "*"

[[package]]
name = "pymupdf"
version = "1.18.0"
description = "Python bindings for the PDF rendering library MuPDF"
category = "main"
optional = false
python-versions = "*"

[[package]]
name = "pywin32-ctypes"
version = "0.2.0"
description = ""
category = "dev"
optional = false
python-versions = "*"

[[package]]
name = "regex"
version = "2020.10.11"
description = "Alternative regular expression module, to replace re."
category = "main"
optional = false
python-versions = "*"

[[package]]
name = "scipy"
version = "1.5.2"
description = "SciPy: Scientific Library for Python"
category = "dev"
optional = false
python-versions = ">=3.6"

[package.dependencies]
numpy = ">=1.14.5"

[[package]]
name = "six"
version = "1.15.0"
description = "Python 2 and 3 compatibility utilities"
category = "main"
optional = false
python-versions = ">=2.7, !=3.0.*, !=3.1.*, !=3.2.*"

[[package]]
name = "tatsu"
version = "4.4.0"
description = "TatSu takes a grammar in a variation of EBNF as input, and outputs a memoizing PEG/Packrat parser in Python."
category = "main"
optional = false
python-versions = "*"

[package.extras]
future-regex = ["regex"]

[[package]]
name = "wxpython"
version = "4.1.0"
description = "Cross platform GUI toolkit for Python, \"Phoenix\" version"
category = "main"
optional = false
python-versions = "*"

[package.dependencies]
numpy = {version = "*", markers = "python_version >= \"3.0\""}
pillow = "*"
six = "*"

[metadata]
lock-version = "1.1"
python-versions = "^3.7, <3.9.9"
content-hash = "56a72f94dfcf0c5bf4f4ea2bd9b4a3ea9393b800981b969bae5ad79819b48098"

[metadata.files]
altgraph = [
    {file = "altgraph-0.17-py2.py3-none-any.whl", hash = "sha256:c623e5f3408ca61d4016f23a681b9adb100802ca3e3da5e718915a9e4052cebe"},
    {file = "altgraph-0.17.tar.gz", hash = "sha256:1f05a47122542f97028caf78775a095fbe6a2699b5089de8477eb583167d69aa"},
]
appdirs = [
    {file = "appdirs-1.4.4-py2.py3-none-any.whl", hash = "sha256:a841dacd6b99318a741b166adb07e19ee71a274450e68237b4650ca1055ab128"},
    {file = "appdirs-1.4.4.tar.gz", hash = "sha256:7d5d0167b2b1ba821647616af46a749d1c653740dd0d2415100fe26e27afdf41"},
]
cppyy = [
    {file = "cppyy-1.8.4.tar.gz", hash = "sha256:4c772db1716a104f58c406f5ad6b97704b044a6f0f52f358882bee6dfbaa3a41"},
]
cppyy-backend = [
    {file = "cppyy-backend-1.14.1.tar.gz", hash = "sha256:be69fc0afd48a25a0359627857926aa7d39b8ee731b14cab0d8990b0a60825f0"},
]
cppyy-cling = [
    {file = "cppyy-cling-6.21.4.tar.gz", hash = "sha256:7379be5c7a9fcaddcb4b6564b690f0bdaaec63b14ce4ef280a4b4c28b4582289"},
    {file = "cppyy_cling-6.21.4-py2.py3-none-macosx_10_12_x86_64.whl", hash = "sha256:d0b407bd06a670cf7eb69149f8b900d87733947ffc52bb9a0854abf5dd7f3fa8"},
    {file = "cppyy_cling-6.21.4-py2.py3-none-manylinux1_x86_64.whl", hash = "sha256:027c3b69cc0b4365b5ea37704499360091372c6fc2e25d830ad0372673a80643"},
    {file = "cppyy_cling-6.21.4-py2.py3-none-win32.whl", hash = "sha256:411f6d46c31e523941ed0082185fc270d8ae30d735af89b7d70786bfac09eed7"},
    {file = "cppyy_cling-6.21.4-py2.py3-none-win_amd64.whl", hash = "sha256:e1fc9d26b8df6785754505e8acb8bf50919199826766e64f2aca2b3bb0e17781"},
]
cpycppyy = [
    {file = "CPyCppyy-1.11.5.tar.gz", hash = "sha256:9037dd7aeae1dc86f875088f7b108305b17aefa1df56424f1fc153b24aac5c32"},
]
future = [
    {file = "future-0.18.2.tar.gz", hash = "sha256:b1bead90b70cf6ec3f0710ae53a525360fa360d306a86583adc6bf83a4db537d"},
]
graphviz = [
    {file = "graphviz-0.14.2-py2.py3-none-any.whl", hash = "sha256:78b28ee9f777da6c5e0b9e1bb1adba3975ec74c6ce85f001cbe964eb0b24d43e"},
    {file = "graphviz-0.14.2.zip", hash = "sha256:92b7637ece63c77e3d39221ae1f4df98e9256cb449e9860c598335b34496d195"},
]
macholib = [
    {file = "macholib-1.14-py2.py3-none-any.whl", hash = "sha256:c500f02867515e6c60a27875b408920d18332ddf96b4035ef03beddd782d4281"},
    {file = "macholib-1.14.tar.gz", hash = "sha256:0c436bc847e7b1d9bda0560351bf76d7caf930fb585a828d13608839ef42c432"},
]
numpy = [
    {file = "numpy-1.19.2-cp36-cp36m-macosx_10_9_x86_64.whl", hash = "sha256:b594f76771bc7fc8a044c5ba303427ee67c17a09b36e1fa32bde82f5c419d17a"},
    {file = "numpy-1.19.2-cp36-cp36m-manylinux1_i686.whl", hash = "sha256:e6ddbdc5113628f15de7e4911c02aed74a4ccff531842c583e5032f6e5a179bd"},
    {file = "numpy-1.19.2-cp36-cp36m-manylinux1_x86_64.whl", hash = "sha256:3733640466733441295b0d6d3dcbf8e1ffa7e897d4d82903169529fd3386919a"},
    {file = "numpy-1.19.2-cp36-cp36m-manylinux2010_i686.whl", hash = "sha256:4339741994c775396e1a274dba3609c69ab0f16056c1077f18979bec2a2c2e6e"},
    {file = "numpy-1.19.2-cp36-cp36m-manylinux2010_x86_64.whl", hash = "sha256:7c6646314291d8f5ea900a7ea9c4261f834b5b62159ba2abe3836f4fa6705526"},
    {file = "numpy-1.19.2-cp36-cp36m-manylinux2014_aarch64.whl", hash = "sha256:7118f0a9f2f617f921ec7d278d981244ba83c85eea197be7c5a4f84af80a9c3c"},
    {file = "numpy-1.19.2-cp36-cp36m-win32.whl", hash = "sha256:9a3001248b9231ed73894c773142658bab914645261275f675d86c290c37f66d"},
    {file = "numpy-1.19.2-cp36-cp36m-win_amd64.whl", hash = "sha256:967c92435f0b3ba37a4257c48b8715b76741410467e2bdb1097e8391fccfae15"},
    {file = "numpy-1.19.2-cp37-cp37m-macosx_10_9_x86_64.whl", hash = "sha256:d526fa58ae4aead839161535d59ea9565863bb0b0bdb3cc63214613fb16aced4"},
    {file = "numpy-1.19.2-cp37-cp37m-manylinux1_i686.whl", hash = "sha256:eb25c381d168daf351147713f49c626030dcff7a393d5caa62515d415a6071d8"},
    {file = "numpy-1.19.2-cp37-cp37m-manylinux1_x86_64.whl", hash = "sha256:62139af94728d22350a571b7c82795b9d59be77fc162414ada6c8b6a10ef5d02"},
    {file = "numpy-1.19.2-cp37-cp37m-manylinux2010_i686.whl", hash = "sha256:0c66da1d202c52051625e55a249da35b31f65a81cb56e4c69af0dfb8fb0125bf"},
    {file = "numpy-1.19.2-cp37-cp37m-manylinux2010_x86_64.whl", hash = "sha256:2117536e968abb7357d34d754e3733b0d7113d4c9f1d921f21a3d96dec5ff716"},
    {file = "numpy-1.19.2-cp37-cp37m-manylinux2014_aarch64.whl", hash = "sha256:54045b198aebf41bf6bf4088012777c1d11703bf74461d70cd350c0af2182e45"},
    {file = "numpy-1.19.2-cp37-cp37m-win32.whl", hash = "sha256:aba1d5daf1144b956bc87ffb87966791f5e9f3e1f6fab3d7f581db1f5b598f7a"},
    {file = "numpy-1.19.2-cp37-cp37m-win_amd64.whl", hash = "sha256:addaa551b298052c16885fc70408d3848d4e2e7352de4e7a1e13e691abc734c1"},
    {file = "numpy-1.19.2-cp38-cp38-macosx_10_9_x86_64.whl", hash = "sha256:58d66a6b3b55178a1f8a5fe98df26ace76260a70de694d99577ddeab7eaa9a9d"},
    {file = "numpy-1.19.2-cp38-cp38-manylinux1_i686.whl", hash = "sha256:59f3d687faea7a4f7f93bd9665e5b102f32f3fa28514f15b126f099b7997203d"},
    {file = "numpy-1.19.2-cp38-cp38-manylinux1_x86_64.whl", hash = "sha256:cebd4f4e64cfe87f2039e4725781f6326a61f095bc77b3716502bed812b385a9"},
    {file = "numpy-1.19.2-cp38-cp38-manylinux2010_i686.whl", hash = "sha256:c35a01777f81e7333bcf276b605f39c872e28295441c265cd0c860f4b40148c1"},
    {file = "numpy-1.19.2-cp38-cp38-manylinux2010_x86_64.whl", hash = "sha256:d7ac33585e1f09e7345aa902c281bd777fdb792432d27fca857f39b70e5dd31c"},
    {file = "numpy-1.19.2-cp38-cp38-manylinux2014_aarch64.whl", hash = "sha256:04c7d4ebc5ff93d9822075ddb1751ff392a4375e5885299445fcebf877f179d5"},
    {file = "numpy-1.19.2-cp38-cp38-win32.whl", hash = "sha256:51ee93e1fac3fe08ef54ff1c7f329db64d8a9c5557e6c8e908be9497ac76374b"},
    {file = "numpy-1.19.2-cp38-cp38-win_amd64.whl", hash = "sha256:1669ec8e42f169ff715a904c9b2105b6640f3f2a4c4c2cb4920ae8b2785dac65"},
    {file = "numpy-1.19.2-pp36-pypy36_pp73-manylinux2010_x86_64.whl", hash = "sha256:0bfd85053d1e9f60234f28f63d4a5147ada7f432943c113a11afcf3e65d9d4c8"},
    {file = "numpy-1.19.2.zip", hash = "sha256:0d310730e1e793527065ad7dde736197b705d0e4c9999775f212b03c44a8484c"},
]
pefile = [
    {file = "pefile-2019.4.18.tar.gz", hash = "sha256:a5d6e8305c6b210849b47a6174ddf9c452b2888340b8177874b862ba6c207645"},
]
pillow = [
    {file = "Pillow-8.1.1-cp36-cp36m-macosx_10_10_x86_64.whl", hash = "sha256:14415e9e28410232370615dbde0cf0a00e526f522f665460344a5b96973a3086"},
    {file = "Pillow-8.1.1-cp36-cp36m-manylinux1_i686.whl", hash = "sha256:924fc33cb4acaf6267b8ca3b8f1922620d57a28470d5e4f49672cea9a841eb08"},
    {file = "Pillow-8.1.1-cp36-cp36m-manylinux1_x86_64.whl", hash = "sha256:df534e64d4f3e84e8f1e1a37da3f541555d947c1c1c09b32178537f0f243f69d"},
    {file = "Pillow-8.1.1-cp36-cp36m-manylinux2014_aarch64.whl", hash = "sha256:4fe74636ee71c57a7f65d7b21a9f127d842b4fb75511e5d256ace258826eb352"},
    {file = "Pillow-8.1.1-cp36-cp36m-win32.whl", hash = "sha256:3e759bcc03d6f39bc751e56d86bc87252b9a21c689a27c5ed753717a87d53a5b"},
    {file = "Pillow-8.1.1-cp36-cp36m-win_amd64.whl", hash = "sha256:292f2aa1ae5c5c1451cb4b558addb88c257411d3fd71c6cf45562911baffc979"},
    {file = "Pillow-8.1.1-cp37-cp37m-macosx_10_10_x86_64.whl", hash = "sha256:8211cac9bf10461f9e33fe9a3af6c5131f3fdd0d10672afc2abb2c70cf95c5ca"},
    {file = "Pillow-8.1.1-cp37-cp37m-manylinux1_i686.whl", hash = "sha256:d30f30c044bdc0ab8f3924e1eeaac87e0ff8a27e87369c5cac4064b6ec78fd83"},
    {file = "Pillow-8.1.1-cp37-cp37m-manylinux1_x86_64.whl", hash = "sha256:7094bbdecb95ebe53166e4c12cf5e28310c2b550b08c07c5dc15433898e2238e"},
    {file = "Pillow-8.1.1-cp37-cp37m-manylinux2014_aarch64.whl", hash = "sha256:1022f8f6dc3c5b0dcf928f1c49ba2ac73051f576af100d57776e2b65c1f76a8d"},
    {file = "Pillow-8.1.1-cp37-cp37m-win32.whl", hash = "sha256:a7d690b2c5f7e4a932374615fedceb1e305d2dd5363c1de15961725fe10e7d16"},
    {file = "Pillow-8.1.1-cp37-cp37m-win_amd64.whl", hash = "sha256:436b0a2dd9fe3f7aa6a444af6bdf53c1eb8f5ced9ea3ef104daa83f0ea18e7bc"},
    {file = "Pillow-8.1.1-cp38-cp38-macosx_10_10_x86_64.whl", hash = "sha256:c448d2b335e21951416a30cd48d35588d122a912d5fe9e41900afacecc7d21a1"},
    {file = "Pillow-8.1.1-cp38-cp38-manylinux1_i686.whl", hash = "sha256:bb18422ad00c1fecc731d06592e99c3be2c634da19e26942ba2f13d805005cf2"},
    {file = "Pillow-8.1.1-cp38-cp38-manylinux1_x86_64.whl", hash = "sha256:3ec87bd1248b23a2e4e19e774367fbe30fddc73913edc5f9b37470624f55dc1f"},
    {file = "Pillow-8.1.1-cp38-cp38-manylinux2014_aarch64.whl", hash = "sha256:99ce3333b40b7a4435e0a18baad468d44ab118a4b1da0af0a888893d03253f1d"},
    {file = "Pillow-8.1.1-cp38-cp38-win32.whl", hash = "sha256:2f0d7034d5faae9a8d1019d152ede924f653df2ce77d3bba4ce62cd21b5f94ae"},
    {file = "Pillow-8.1.1-cp38-cp38-win_amd64.whl", hash = "sha256:07872f1d8421db5a3fe770f7480835e5e90fddb58f36c216d4a2ac0d594de474"},
    {file = "Pillow-8.1.1-cp39-cp39-macosx_10_10_x86_64.whl", hash = "sha256:69da5b1d7102a61ce9b45deb2920a2012d52fd8f4201495ea9411d0071b0ec22"},
    {file = "Pillow-8.1.1-cp39-cp39-macosx_11_0_arm64.whl", hash = "sha256:2a40d7d4b17db87f5b9a1efc0aff56000e1d0d5ece415090c102aafa0ccbe858"},
    {file = "Pillow-8.1.1-cp39-cp39-manylinux1_i686.whl", hash = "sha256:01bb0a34f1a6689b138c0089d670ae2e8f886d2666a9b2f2019031abdea673c4"},
    {file = "Pillow-8.1.1-cp39-cp39-manylinux1_x86_64.whl", hash = "sha256:43b3c859912e8bf754b3c5142df624794b18eb7ae07cfeddc917e1a9406a3ef2"},
    {file = "Pillow-8.1.1-cp39-cp39-manylinux2014_aarch64.whl", hash = "sha256:3b13d89d97b551e02549d1f0edf22bed6acfd6fd2e888cd1e9a953bf215f0e81"},
    {file = "Pillow-8.1.1-cp39-cp39-win32.whl", hash = "sha256:c143c409e7bc1db784471fe9d0bf95f37c4458e879ad84cfae640cb74ee11a26"},
    {file = "Pillow-8.1.1-cp39-cp39-win_amd64.whl", hash = "sha256:1c5e3c36f02c815766ae9dd91899b1c5b4652f2a37b7a51609f3bd467c0f11fb"},
    {file = "Pillow-8.1.1-pp36-pypy36_pp73-macosx_10_10_x86_64.whl", hash = "sha256:8cf77e458bd996dc85455f10fe443c0c946f5b13253773439bcbec08aa1aebc2"},
    {file = "Pillow-8.1.1-pp36-pypy36_pp73-manylinux2010_i686.whl", hash = "sha256:c10af40ee2f1a99e1ae755ab1f773916e8bca3364029a042cd9161c400416bd8"},
    {file = "Pillow-8.1.1-pp36-pypy36_pp73-manylinux2010_x86_64.whl", hash = "sha256:ff83dfeb04c98bb3e7948f876c17513a34e9a19fd92e292288649164924c1b39"},
    {file = "Pillow-8.1.1-pp37-pypy37_pp73-macosx_10_10_x86_64.whl", hash = "sha256:b9af590adc1e46898a1276527f3cfe2da8048ae43fbbf9b1bf9395f6c99d9b47"},
    {file = "Pillow-8.1.1-pp37-pypy37_pp73-manylinux2010_i686.whl", hash = "sha256:172acfaf00434a28dddfe592d83f2980e22e63c769ff4a448ddf7b7a38ffd165"},
    {file = "Pillow-8.1.1-pp37-pypy37_pp73-manylinux2010_x86_64.whl", hash = "sha256:33fdbd4f5608c852d97264f9d2e3b54e9e9959083d008145175b86100b275e5b"},
    {file = "Pillow-8.1.1-pp37-pypy37_pp73-win32.whl", hash = "sha256:59445af66b59cc39530b4f810776928d75e95f41e945f0c32a3de4aceb93c15d"},
    {file = "Pillow-8.1.1.tar.gz", hash = "sha256:f6fc18f9c9c7959bf58e6faf801d14fafb6d4717faaf6f79a68c8bb2a13dcf20"},
]
pyinstaller = [
    {file = "pyinstaller-4.0.tar.gz", hash = "sha256:970beb07115761d5e4ec317c1351b712fd90ae7f23994db914c633281f99bab0"},
]
pyinstaller-hooks-contrib = [
    {file = "pyinstaller-hooks-contrib-2020.9.tar.gz", hash = "sha256:a5fd45a920012802e3f2089e1d3501ef2f49265dfea8fc46c3310f18e3326c91"},
    {file = "pyinstaller_hooks_contrib-2020.9-py2.py3-none-any.whl", hash = "sha256:c382f3ac1a42b45cfecd581475c36db77da90e479b2f5bcb6d840d21fa545114"},
]
pymupdf = [
    {file = "PyMuPDF-1.18.0-cp27-cp27m-macosx_10_9_x86_64.whl", hash = "sha256:5e90446093b71dfa5fba26e137df46c19a96d999aedb2818508524b180bce29f"},
    {file = "PyMuPDF-1.18.0-cp27-cp27m-manylinux2010_x86_64.whl", hash = "sha256:8e0e4ecac090e250bab128d34487c42b8509d8c83a27a0aa23decb35ee7c9e48"},
    {file = "PyMuPDF-1.18.0-cp27-cp27m-win32.whl", hash = "sha256:3250743fd06888c6a98d1b17403dedaf98b5ce688488f30a00c6dd290d796b31"},
    {file = "PyMuPDF-1.18.0-cp27-cp27m-win_amd64.whl", hash = "sha256:b1f3e01a0f7f885231344d2e66acc7eaa06b4ed24c26c711008e1f2522af6895"},
    {file = "PyMuPDF-1.18.0-cp27-cp27mu-manylinux2010_x86_64.whl", hash = "sha256:f5cc4727ee695c42f9cbca3d66e35f88a91e552410841013560e96366b506604"},
    {file = "PyMuPDF-1.18.0-cp35-cp35m-macosx_10_9_x86_64.whl", hash = "sha256:14cb15a50286e5a85a7a3c5ca742b9ca872662efbaf23a8fc2b7c325d072d371"},
    {file = "PyMuPDF-1.18.0-cp35-cp35m-manylinux2010_x86_64.whl", hash = "sha256:ed965dc2abc36e7be8fb7f4564cd95cdedf7347eee74ef8deaaf5f4bd29cada4"},
    {file = "PyMuPDF-1.18.0-cp35-cp35m-win32.whl", hash = "sha256:e2f1b25a6949e819af506cc6d9d59a45e2d591382492a514107e6901338b51cb"},
    {file = "PyMuPDF-1.18.0-cp35-cp35m-win_amd64.whl", hash = "sha256:6564ce6933fe601e3811d3fd626d7453828097dec3aefd07d13f5ebe9a991d33"},
    {file = "PyMuPDF-1.18.0-cp36-cp36m-macosx_10_9_x86_64.whl", hash = "sha256:4dae9d4e4e9aa0a79c217187ceeddfc0c7ab700dfc0d08cd1aa51cf48ed11c11"},
    {file = "PyMuPDF-1.18.0-cp36-cp36m-manylinux2010_x86_64.whl", hash = "sha256:93a5675e642479057da3f1157ee5e5ef771cdde913b285a848b65dccaa6745da"},
    {file = "PyMuPDF-1.18.0-cp36-cp36m-win32.whl", hash = "sha256:3c7c56478fb7056bfcec0d8372f76403ec389bd7619778bd9e06a4c6583ce59c"},
    {file = "PyMuPDF-1.18.0-cp36-cp36m-win_amd64.whl", hash = "sha256:760736a0dc0f414c0037f82d816549fdd56ad1a054687dd358c0807dc4a1c684"},
    {file = "PyMuPDF-1.18.0-cp37-cp37m-macosx_10_9_x86_64.whl", hash = "sha256:3091f41caa3a8a7c1213696daba7de3c5edd5eabb2affa0fc4dc443bda37235f"},
    {file = "PyMuPDF-1.18.0-cp37-cp37m-manylinux2010_x86_64.whl", hash = "sha256:e0bbcef88d6cc6fd12ef3123abb2400c0322ba8b40a0ae77c4f125c1d5ea6b76"},
    {file = "PyMuPDF-1.18.0-cp37-cp37m-win32.whl", hash = "sha256:1f5cc42d674588324a263605db0f52c856f6ddabb95af98d2eae70a3d53f329f"},
    {file = "PyMuPDF-1.18.0-cp37-cp37m-win_amd64.whl", hash = "sha256:ca071b97785d07f42d0ed1908f40a58448c3733292bd0e089d15554fedb2c106"},
    {file = "PyMuPDF-1.18.0-cp38-cp38-macosx_10_9_x86_64.whl", hash = "sha256:646222f9db584d7c88972fc8b33b074ddb40aafc8dc2628df6210332d12a46f0"},
    {file = "PyMuPDF-1.18.0-cp38-cp38-manylinux2010_x86_64.whl", hash = "sha256:f73ff6b5fed75bdd7a3ab8f25c58fb9f20cce809003ae525cdd31a0b04b9171c"},
    {file = "PyMuPDF-1.18.0-cp38-cp38-win32.whl", hash = "sha256:785987f36f37b40e509ef1bb81044e831b0e32d0b7a0e8fdf915713bb4951d0d"},
    {file = "PyMuPDF-1.18.0-cp38-cp38-win_amd64.whl", hash = "sha256:cf6024bec70cc421383f1a8868881570b82d37db5fad35557196cf959fd8f842"},
    {file = "PyMuPDF-1.18.0-cp39-cp39-macosx_10_9_x86_64.whl", hash = "sha256:76808a95622c1e6aa9579da98ac5846a3cf741374a7e129b47b2efacd3c62130"},
    {file = "PyMuPDF-1.18.0-cp39-cp39-manylinux2010_x86_64.whl", hash = "sha256:6ae71f3477378a087d5fa0a8234d523edd9c67586524f3d8a07324909b1fa00b"},
    {file = "PyMuPDF-1.18.0-cp39-cp39-win32.whl", hash = "sha256:4ccf57e96484bbeb032da4935f6d0c1db1639529d495989486a303e07a15fb13"},
    {file = "PyMuPDF-1.18.0-cp39-cp39-win_amd64.whl", hash = "sha256:3310f6028a68c83c852483ebf52c074412fcdfaa1f45556ca1e43c83e6eaff62"},
    {file = "PyMuPDF-1.18.0.tar.gz", hash = "sha256:64ce58f92d9edd2631e447175fa13b4024ac3b6dce6e718e0b003c41de6f7952"},
]
pywin32-ctypes = [
    {file = "pywin32-ctypes-0.2.0.tar.gz", hash = "sha256:24ffc3b341d457d48e8922352130cf2644024a4ff09762a2261fd34c36ee5942"},
    {file = "pywin32_ctypes-0.2.0-py2.py3-none-any.whl", hash = "sha256:9dc2d991b3479cc2df15930958b674a48a227d5361d413827a4cfd0b5876fc98"},
]
regex = [
    {file = "regex-2020.10.11-cp27-cp27m-win32.whl", hash = "sha256:4f5c0fe46fb79a7adf766b365cae56cafbf352c27358fda811e4a1dc8216d0db"},
    {file = "regex-2020.10.11-cp27-cp27m-win_amd64.whl", hash = "sha256:39a5ef30bca911f5a8a3d4476f5713ed4d66e313d9fb6755b32bec8a2e519635"},
    {file = "regex-2020.10.11-cp36-cp36m-manylinux1_i686.whl", hash = "sha256:7c4fc5a8ec91a2254bb459db27dbd9e16bba1dabff638f425d736888d34aaefa"},
    {file = "regex-2020.10.11-cp36-cp36m-manylinux1_x86_64.whl", hash = "sha256:d537e270b3e6bfaea4f49eaf267984bfb3628c86670e9ad2a257358d3b8f0955"},
    {file = "regex-2020.10.11-cp36-cp36m-manylinux2010_i686.whl", hash = "sha256:a8240df4957a5b0e641998a5d78b3c4ea762c845d8cb8997bf820626826fde9a"},
    {file = "regex-2020.10.11-cp36-cp36m-manylinux2010_x86_64.whl", hash = "sha256:4302153abb96859beb2c778cc4662607a34175065fc2f33a21f49eb3fbd1ccd3"},
    {file = "regex-2020.10.11-cp36-cp36m-win32.whl", hash = "sha256:c077c9d04a040dba001cf62b3aff08fd85be86bccf2c51a770c77377662a2d55"},
    {file = "regex-2020.10.11-cp36-cp36m-win_amd64.whl", hash = "sha256:46ab6070b0d2cb85700b8863b3f5504c7f75d8af44289e9562195fe02a8dd72d"},
    {file = "regex-2020.10.11-cp37-cp37m-manylinux1_i686.whl", hash = "sha256:d629d750ebe75a88184db98f759633b0a7772c2e6f4da529f0027b4a402c0e2f"},
    {file = "regex-2020.10.11-cp37-cp37m-manylinux1_x86_64.whl", hash = "sha256:8e7ef296b84d44425760fe813cabd7afbb48c8dd62023018b338bbd9d7d6f2f0"},
    {file = "regex-2020.10.11-cp37-cp37m-manylinux2010_i686.whl", hash = "sha256:e490f08897cb44e54bddf5c6e27deca9b58c4076849f32aaa7a0b9f1730f2c20"},
    {file = "regex-2020.10.11-cp37-cp37m-manylinux2010_x86_64.whl", hash = "sha256:850339226aa4fec04916386577674bb9d69abe0048f5d1a99f91b0004bfdcc01"},
    {file = "regex-2020.10.11-cp37-cp37m-win32.whl", hash = "sha256:60c4f64d9a326fe48e8738c3dbc068e1edc41ff7895a9e3723840deec4bc1c28"},
    {file = "regex-2020.10.11-cp37-cp37m-win_amd64.whl", hash = "sha256:8ba3efdd60bfee1aa784dbcea175eb442d059b576934c9d099e381e5a9f48930"},
    {file = "regex-2020.10.11-cp38-cp38-manylinux1_i686.whl", hash = "sha256:2308491b3e6c530a3bb38a8a4bb1dc5fd32cbf1e11ca623f2172ba17a81acef1"},
    {file = "regex-2020.10.11-cp38-cp38-manylinux1_x86_64.whl", hash = "sha256:b8806649983a1c78874ec7e04393ef076805740f6319e87a56f91f1767960212"},
    {file = "regex-2020.10.11-cp38-cp38-manylinux2010_i686.whl", hash = "sha256:a2a31ee8a354fa3036d12804730e1e20d58bc4e250365ead34b9c30bbe9908c3"},
    {file = "regex-2020.10.11-cp38-cp38-manylinux2010_x86_64.whl", hash = "sha256:d9d53518eeed12190744d366ec4a3f39b99d7daa705abca95f87dd8b442df4ad"},
    {file = "regex-2020.10.11-cp38-cp38-win32.whl", hash = "sha256:3d5a8d007116021cf65355ada47bf405656c4b3b9a988493d26688275fde1f1c"},
    {file = "regex-2020.10.11-cp38-cp38-win_amd64.whl", hash = "sha256:f579caecbbca291b0fcc7d473664c8c08635da2f9b1567c22ea32311c86ef68c"},
    {file = "regex-2020.10.11-cp39-cp39-manylinux1_i686.whl", hash = "sha256:8c8c42aa5d3ac9a49829c4b28a81bebfa0378996f9e0ca5b5ab8a36870c3e5ee"},
    {file = "regex-2020.10.11-cp39-cp39-manylinux1_x86_64.whl", hash = "sha256:c529ba90c1775697a65b46c83d47a2d3de70f24d96da5d41d05a761c73b063af"},
    {file = "regex-2020.10.11-cp39-cp39-manylinux2010_i686.whl", hash = "sha256:6cf527ec2f3565248408b61dd36e380d799c2a1047eab04e13a2b0c15dd9c767"},
    {file = "regex-2020.10.11-cp39-cp39-manylinux2010_x86_64.whl", hash = "sha256:671c51d352cfb146e48baee82b1ee8d6ffe357c292f5e13300cdc5c00867ebfc"},
    {file = "regex-2020.10.11-cp39-cp39-win32.whl", hash = "sha256:a63907332531a499b8cdfd18953febb5a4c525e9e7ca4ac147423b917244b260"},
    {file = "regex-2020.10.11-cp39-cp39-win_amd64.whl", hash = "sha256:1a16afbfadaadc1397353f9b32e19a65dc1d1804c80ad73a14f435348ca017ad"},
    {file = "regex-2020.10.11.tar.gz", hash = "sha256:463e770c48da76a8da82b8d4a48a541f314e0df91cbb6d873a341dbe578efafd"},
]
scipy = [
    {file = "scipy-1.5.2-cp36-cp36m-macosx_10_9_x86_64.whl", hash = "sha256:cca9fce15109a36a0a9f9cfc64f870f1c140cb235ddf27fe0328e6afb44dfed0"},
    {file = "scipy-1.5.2-cp36-cp36m-manylinux1_i686.whl", hash = "sha256:1c7564a4810c1cd77fcdee7fa726d7d39d4e2695ad252d7c86c3ea9d85b7fb8f"},
    {file = "scipy-1.5.2-cp36-cp36m-manylinux1_x86_64.whl", hash = "sha256:07e52b316b40a4f001667d1ad4eb5f2318738de34597bd91537851365b6c61f1"},
    {file = "scipy-1.5.2-cp36-cp36m-win32.whl", hash = "sha256:d56b10d8ed72ec1be76bf10508446df60954f08a41c2d40778bc29a3a9ad9bce"},
    {file = "scipy-1.5.2-cp36-cp36m-win_amd64.whl", hash = "sha256:8e28e74b97fc8d6aa0454989db3b5d36fc27e69cef39a7ee5eaf8174ca1123cb"},
    {file = "scipy-1.5.2-cp37-cp37m-macosx_10_9_x86_64.whl", hash = "sha256:6e86c873fe1335d88b7a4bfa09d021f27a9e753758fd75f3f92d714aa4093768"},
    {file = "scipy-1.5.2-cp37-cp37m-manylinux1_i686.whl", hash = "sha256:a0afbb967fd2c98efad5f4c24439a640d39463282040a88e8e928db647d8ac3d"},
    {file = "scipy-1.5.2-cp37-cp37m-manylinux1_x86_64.whl", hash = "sha256:eecf40fa87eeda53e8e11d265ff2254729d04000cd40bae648e76ff268885d66"},
    {file = "scipy-1.5.2-cp37-cp37m-win32.whl", hash = "sha256:315aa2165aca31375f4e26c230188db192ed901761390be908c9b21d8b07df62"},
    {file = "scipy-1.5.2-cp37-cp37m-win_amd64.whl", hash = "sha256:ec5fe57e46828d034775b00cd625c4a7b5c7d2e354c3b258d820c6c72212a6ec"},
    {file = "scipy-1.5.2-cp38-cp38-macosx_10_9_x86_64.whl", hash = "sha256:fc98f3eac993b9bfdd392e675dfe19850cc8c7246a8fd2b42443e506344be7d9"},
    {file = "scipy-1.5.2-cp38-cp38-manylinux1_i686.whl", hash = "sha256:a785409c0fa51764766840185a34f96a0a93527a0ff0230484d33a8ed085c8f8"},
    {file = "scipy-1.5.2-cp38-cp38-manylinux1_x86_64.whl", hash = "sha256:0a0e9a4e58a4734c2eba917f834b25b7e3b6dc333901ce7784fd31aefbd37b2f"},
    {file = "scipy-1.5.2-cp38-cp38-win32.whl", hash = "sha256:dac09281a0eacd59974e24525a3bc90fa39b4e95177e638a31b14db60d3fa806"},
    {file = "scipy-1.5.2-cp38-cp38-win_amd64.whl", hash = "sha256:92eb04041d371fea828858e4fff182453c25ae3eaa8782d9b6c32b25857d23bc"},
    {file = "scipy-1.5.2.tar.gz", hash = "sha256:066c513d90eb3fd7567a9e150828d39111ebd88d3e924cdfc9f8ce19ab6f90c9"},
]
six = [
    {file = "six-1.15.0-py2.py3-none-any.whl", hash = "sha256:8b74bedcbbbaca38ff6d7491d76f2b06b3592611af620f8426e82dddb04a5ced"},
    {file = "six-1.15.0.tar.gz", hash = "sha256:30639c035cdb23534cd4aa2dd52c3bf48f06e5f4a941509c8bafd8ce11080259"},
]
tatsu = [
    {file = "TatSu-4.4.0-py2.py3-none-any.whl", hash = "sha256:c9211eeee9a2d4c90f69879ec0b518b1aa0d9450249cb0dd181f5f5b18be0a92"},
    {file = "TatSu-4.4.0.zip", hash = "sha256:80713413473a009f2081148d0f494884cabaf9d6866b71f2a68a92b6442f343d"},
]
wxpython = [
    {file = "wxPython-4.1.0-cp27-cp27m-macosx_10_9_x86_64.whl", hash = "sha256:25ca6acdb11c7af681c1d0c0936f831c3bf403b0bcf59452d34d6540de77c8f2"},
    {file = "wxPython-4.1.0-cp27-cp27m-win32.whl", hash = "sha256:e366fef08f589d41572d472befa7ce280e269f97ce2e6005d46868c1021f75e5"},
    {file = "wxPython-4.1.0-cp27-cp27m-win_amd64.whl", hash = "sha256:908c3b79849547a400c353ab552878e179826100c117cbdc34000272d68ea4e5"},
    {file = "wxPython-4.1.0-cp36-cp36m-macosx_10_9_x86_64.whl", hash = "sha256:f4b90118c708ae725262938611a056c87cbfbbfb5659bcdbc09b347821483b50"},
    {file = "wxPython-4.1.0-cp36-cp36m-win32.whl", hash = "sha256:0c12164e59147ed820513c5a396c46d5ec600988bc0bb237cf0cd7defcfdf26a"},
    {file = "wxPython-4.1.0-cp36-cp36m-win_amd64.whl", hash = "sha256:691ac689cee21df79d2b3b5d327c65c4e660610f8d5b64ac813c57048eaf1835"},
    {file = "wxPython-4.1.0-cp37-cp37m-macosx_10_9_x86_64.whl", hash = "sha256:a0452911ffb5127e32d5a0f828c7c24ee233a786b4f24308924795d515dda8d3"},
    {file = "wxPython-4.1.0-cp37-cp37m-win32.whl", hash = "sha256:7e8b94387243722550bc053b3251f3255a8fd58d5c09a35ecc2d98111644f44f"},
    {file = "wxPython-4.1.0-cp37-cp37m-win_amd64.whl", hash = "sha256:93ef5c5a9a20ea183615cdebdd0a63658b511bc566eeeb06aca312ced383b867"},
    {file = "wxPython-4.1.0-cp38-cp38-macosx_10_9_x86_64.whl", hash = "sha256:0a920b94c6d1f9e1fbb8d036773b293905b913bdca85a6e85aadf106565d1f53"},
    {file = "wxPython-4.1.0-cp38-cp38-win32.whl", hash = "sha256:c26d8ba212c6813f597df14841f3683d76a8c6f6079708ebd66f01674384b7da"},
    {file = "wxPython-4.1.0-cp38-cp38-win_amd64.whl", hash = "sha256:413f8b36670706256d5e4d712742e7d73c5f59435ea3f903169d1da066fdfe80"},
    {file = "wxPython-4.1.0.tar.gz", hash = "sha256:2e2475cb755ac8d93d2f9335c39c060b4d17ecb5d4e0e86626d1e2834b64a48b"},
]
