[[package]]
category = "dev"
description = "Cling-based Python-C++ bindings"
name = "cppyy"
optional = false
python-versions = "*"
version = "1.7.1"

[package.dependencies]
CPyCppyy = "1.11.0"
cppyy-backend = "1.12.0"
cppyy-cling = "6.20.4.1"

[[package]]
category = "dev"
description = "C/C++ wrapper for Cling"
name = "cppyy-backend"
optional = false
python-versions = "*"
version = "1.12.0"

[package.dependencies]
cppyy-cling = ["<6.20.6", ">=6.20.4.0"]

[[package]]
category = "dev"
description = "Re-packaged Cling, as backend for cppyy"
name = "cppyy-cling"
optional = false
python-versions = "*"
version = "6.20.4.1"

[[package]]
category = "dev"
description = "Cling-based Python-C++ bindings for CPython"
name = "cpycppyy"
optional = false
python-versions = "*"
version = "1.11.0"

[package.dependencies]
cppyy-backend = ">=1.12.0,<1.13.0"
cppyy-cling = ">=6.20.0,<6.21.0"

[[package]]
category = "main"
description = "Simple Python interface for Graphviz"
name = "graphviz"
optional = false
python-versions = ">=2.7,!=3.0.*,!=3.1.*,!=3.2.*,!=3.3.*,!=3.4.*"
version = "0.14"

[package.extras]
dev = ["tox (>=3)", "flake8", "pep8-naming", "wheel", "twine"]
docs = ["sphinx (>=1.7)", "sphinx-rtd-theme"]
test = ["mock (>=3)", "pytest (>=3.4,<3.10.0 || >3.10.0)", "pytest-mock (>=1.8)", "pytest-cov"]

[[package]]
category = "main"
description = "NumPy is the fundamental package for array computing with Python."
marker = "python_version >= \"3.0\""
name = "numpy"
optional = false
python-versions = ">=3.5"
version = "1.18.5"

[[package]]
category = "main"
description = "Python Imaging Library (Fork)"
name = "pillow"
optional = false
python-versions = ">=3.5"
version = "7.1.2"

[[package]]
category = "main"
description = "Python bindings for the PDF rendering library MuPDF"
name = "pymupdf"
optional = false
python-versions = "*"
version = "1.17.0"

[[package]]
category = "main"
description = "Python 2 and 3 compatibility utilities"
name = "six"
optional = false
python-versions = ">=2.7, !=3.0.*, !=3.1.*, !=3.2.*"
version = "1.15.0"

[[package]]
category = "main"
description = "TatSu takes a grammar in a variation of EBNF as input, and outputs a memoizing PEG/Packrat parser in Python."
name = "tatsu"
optional = false
python-versions = "*"
version = "4.4.0"

[package.extras]
future-regex = ["regex"]

[[package]]
category = "main"
description = "Cross platform GUI toolkit for Python, \"Phoenix\" version"
name = "wxpython"
optional = false
python-versions = "*"
version = "4.1.0"

[package.dependencies]
pillow = "*"
six = "*"

[package.dependencies.numpy]
python = ">=3.0"
version = "*"

[metadata]
content-hash = "c8ffbe076a05f9291586274f6fa76772add1b75fe16174574915c836770afbba"
python-versions = "^3.7"

[metadata.files]
cppyy = [
    {file = "cppyy-1.7.1.tar.gz", hash = "sha256:8e622fe8c222a27e8179de50557e508904456da1d4f373d3fb0cd977721db753"},
]
cppyy-backend = [
    {file = "cppyy-backend-1.12.0.tar.gz", hash = "sha256:f2f25b2c3a668731127bcbc9c4c40197f7182f36d518bcccedb387ffa1c88250"},
]
cppyy-cling = [
    {file = "cppyy-cling-6.20.4.1.tar.gz", hash = "sha256:9b24dfc9866e93b66d52a240c754d3d24570b1d969e1c171113b24b9552db2da"},
    {file = "cppyy_cling-6.20.4.1-py2.py3-none-macosx_10_12_x86_64.whl", hash = "sha256:51bb7672cc9d57f14c723f4e4006846270851e142e684d9de326a0e01096cacb"},
    {file = "cppyy_cling-6.20.4.1-py2.py3-none-manylinux1_x86_64.whl", hash = "sha256:08804fcdd3ef356a2cd2c5f78148750011e91de5d39b05050ca297a743a46310"},
    {file = "cppyy_cling-6.20.4.1-py2.py3-none-win32.whl", hash = "sha256:1c7d4a11a1ef1822a8fb750aadd05f24599af557554f0a87b872854d5e7ff42e"},
    {file = "cppyy_cling-6.20.4.1-py2.py3-none-win_amd64.whl", hash = "sha256:711dff63bbe3def19e2ef498139a3f7cb87f61b56dfe7146948295f0a92c6d5d"},
]
cpycppyy = [
    {file = "CPyCppyy-1.11.0.tar.gz", hash = "sha256:398bad565c4165d83705f7b48d28a553b820d9c78cd59f60f6e2e091c174221b"},
]
graphviz = [
    {file = "graphviz-0.14-py2.py3-none-any.whl", hash = "sha256:cb0e878f90378489f17aab140b68e64e44b79e4cb59a530c8863d84bf2e2e5f5"},
    {file = "graphviz-0.14.zip", hash = "sha256:e104ba036c8aef84320ec80560e544cd3cad68c9f90394b4e2b87bc44ab09791"},
]
numpy = [
    {file = "numpy-1.18.5-cp35-cp35m-macosx_10_9_intel.whl", hash = "sha256:e91d31b34fc7c2c8f756b4e902f901f856ae53a93399368d9a0dc7be17ed2ca0"},
    {file = "numpy-1.18.5-cp35-cp35m-manylinux1_i686.whl", hash = "sha256:7d42ab8cedd175b5ebcb39b5208b25ba104842489ed59fbb29356f671ac93583"},
    {file = "numpy-1.18.5-cp35-cp35m-manylinux1_x86_64.whl", hash = "sha256:a78e438db8ec26d5d9d0e584b27ef25c7afa5a182d1bf4d05e313d2d6d515271"},
    {file = "numpy-1.18.5-cp35-cp35m-win32.whl", hash = "sha256:a87f59508c2b7ceb8631c20630118cc546f1f815e034193dc72390db038a5cb3"},
    {file = "numpy-1.18.5-cp35-cp35m-win_amd64.whl", hash = "sha256:965df25449305092b23d5145b9bdaeb0149b6e41a77a7d728b1644b3c99277c1"},
    {file = "numpy-1.18.5-cp36-cp36m-macosx_10_9_x86_64.whl", hash = "sha256:ac792b385d81151bae2a5a8adb2b88261ceb4976dbfaaad9ce3a200e036753dc"},
    {file = "numpy-1.18.5-cp36-cp36m-manylinux1_i686.whl", hash = "sha256:ef627986941b5edd1ed74ba89ca43196ed197f1a206a3f18cc9faf2fb84fd675"},
    {file = "numpy-1.18.5-cp36-cp36m-manylinux1_x86_64.whl", hash = "sha256:f718a7949d1c4f622ff548c572e0c03440b49b9531ff00e4ed5738b459f011e8"},
    {file = "numpy-1.18.5-cp36-cp36m-win32.whl", hash = "sha256:4064f53d4cce69e9ac613256dc2162e56f20a4e2d2086b1956dd2fcf77b7fac5"},
    {file = "numpy-1.18.5-cp36-cp36m-win_amd64.whl", hash = "sha256:b03b2c0badeb606d1232e5f78852c102c0a7989d3a534b3129e7856a52f3d161"},
    {file = "numpy-1.18.5-cp37-cp37m-macosx_10_9_x86_64.whl", hash = "sha256:a7acefddf994af1aeba05bbbafe4ba983a187079f125146dc5859e6d817df824"},
    {file = "numpy-1.18.5-cp37-cp37m-manylinux1_i686.whl", hash = "sha256:cd49930af1d1e49a812d987c2620ee63965b619257bd76eaaa95870ca08837cf"},
    {file = "numpy-1.18.5-cp37-cp37m-manylinux1_x86_64.whl", hash = "sha256:b39321f1a74d1f9183bf1638a745b4fd6fe80efbb1f6b32b932a588b4bc7695f"},
    {file = "numpy-1.18.5-cp37-cp37m-win32.whl", hash = "sha256:cae14a01a159b1ed91a324722d746523ec757357260c6804d11d6147a9e53e3f"},
    {file = "numpy-1.18.5-cp37-cp37m-win_amd64.whl", hash = "sha256:0172304e7d8d40e9e49553901903dc5f5a49a703363ed756796f5808a06fc233"},
    {file = "numpy-1.18.5-cp38-cp38-macosx_10_9_x86_64.whl", hash = "sha256:e15b382603c58f24265c9c931c9a45eebf44fe2e6b4eaedbb0d025ab3255228b"},
    {file = "numpy-1.18.5-cp38-cp38-manylinux1_i686.whl", hash = "sha256:3676abe3d621fc467c4c1469ee11e395c82b2d6b5463a9454e37fe9da07cd0d7"},
    {file = "numpy-1.18.5-cp38-cp38-manylinux1_x86_64.whl", hash = "sha256:4674f7d27a6c1c52a4d1aa5f0881f1eff840d2206989bae6acb1c7668c02ebfb"},
    {file = "numpy-1.18.5-cp38-cp38-win32.whl", hash = "sha256:9c9d6531bc1886454f44aa8f809268bc481295cf9740827254f53c30104f074a"},
    {file = "numpy-1.18.5-cp38-cp38-win_amd64.whl", hash = "sha256:3dd6823d3e04b5f223e3e265b4a1eae15f104f4366edd409e5a5e413a98f911f"},
    {file = "numpy-1.18.5.zip", hash = "sha256:34e96e9dae65c4839bd80012023aadd6ee2ccb73ce7fdf3074c62f301e63120b"},
]
pillow = [
    {file = "Pillow-7.1.2-cp35-cp35m-macosx_10_10_intel.whl", hash = "sha256:ae2b270f9a0b8822b98655cb3a59cdb1bd54a34807c6c56b76dd2e786c3b7db3"},
    {file = "Pillow-7.1.2-cp35-cp35m-manylinux1_i686.whl", hash = "sha256:d23e2aa9b969cf9c26edfb4b56307792b8b374202810bd949effd1c6e11ebd6d"},
    {file = "Pillow-7.1.2-cp35-cp35m-manylinux1_x86_64.whl", hash = "sha256:b532bcc2f008e96fd9241177ec580829dee817b090532f43e54074ecffdcd97f"},
    {file = "Pillow-7.1.2-cp35-cp35m-win32.whl", hash = "sha256:12e4bad6bddd8546a2f9771485c7e3d2b546b458ae8ff79621214119ac244523"},
    {file = "Pillow-7.1.2-cp35-cp35m-win_amd64.whl", hash = "sha256:9744350687459234867cbebfe9df8f35ef9e1538f3e729adbd8fde0761adb705"},
    {file = "Pillow-7.1.2-cp36-cp36m-macosx_10_10_x86_64.whl", hash = "sha256:f54be399340aa602066adb63a86a6a5d4f395adfdd9da2b9a0162ea808c7b276"},
    {file = "Pillow-7.1.2-cp36-cp36m-manylinux1_i686.whl", hash = "sha256:1f694e28c169655c50bb89a3fa07f3b854d71eb47f50783621de813979ba87f3"},
    {file = "Pillow-7.1.2-cp36-cp36m-manylinux1_x86_64.whl", hash = "sha256:f784aad988f12c80aacfa5b381ec21fd3f38f851720f652b9f33facc5101cf4d"},
    {file = "Pillow-7.1.2-cp36-cp36m-win32.whl", hash = "sha256:b37bb3bd35edf53125b0ff257822afa6962649995cbdfde2791ddb62b239f891"},
    {file = "Pillow-7.1.2-cp36-cp36m-win_amd64.whl", hash = "sha256:b67a6c47ed963c709ed24566daa3f95a18f07d3831334da570c71da53d97d088"},
    {file = "Pillow-7.1.2-cp37-cp37m-macosx_10_10_x86_64.whl", hash = "sha256:eaa83729eab9c60884f362ada982d3a06beaa6cc8b084cf9f76cae7739481dfa"},
    {file = "Pillow-7.1.2-cp37-cp37m-manylinux1_i686.whl", hash = "sha256:f46e0e024346e1474083c729d50de909974237c72daca05393ee32389dabe457"},
    {file = "Pillow-7.1.2-cp37-cp37m-manylinux1_x86_64.whl", hash = "sha256:0e2a3bceb0fd4e0cb17192ae506d5f082b309ffe5fc370a5667959c9b2f85fa3"},
    {file = "Pillow-7.1.2-cp37-cp37m-win32.whl", hash = "sha256:ccc9ad2460eb5bee5642eaf75a0438d7f8887d484490d5117b98edd7f33118b7"},
    {file = "Pillow-7.1.2-cp37-cp37m-win_amd64.whl", hash = "sha256:b943e71c2065ade6fef223358e56c167fc6ce31c50bc7a02dd5c17ee4338e8ac"},
    {file = "Pillow-7.1.2-cp38-cp38-macosx_10_10_x86_64.whl", hash = "sha256:04766c4930c174b46fd72d450674612ab44cca977ebbcc2dde722c6933290107"},
    {file = "Pillow-7.1.2-cp38-cp38-manylinux1_i686.whl", hash = "sha256:f455efb7a98557412dc6f8e463c1faf1f1911ec2432059fa3e582b6000fc90e2"},
    {file = "Pillow-7.1.2-cp38-cp38-manylinux1_x86_64.whl", hash = "sha256:ee94fce8d003ac9fd206496f2707efe9eadcb278d94c271f129ab36aa7181344"},
    {file = "Pillow-7.1.2-cp38-cp38-win32.whl", hash = "sha256:4b02b9c27fad2054932e89f39703646d0c543f21d3cc5b8e05434215121c28cd"},
    {file = "Pillow-7.1.2-cp38-cp38-win_amd64.whl", hash = "sha256:3d25dd8d688f7318dca6d8cd4f962a360ee40346c15893ae3b95c061cdbc4079"},
    {file = "Pillow-7.1.2-pp373-pypy36_pp73-win32.whl", hash = "sha256:0f01e63c34f0e1e2580cc0b24e86a5ccbbfa8830909a52ee17624c4193224cd9"},
    {file = "Pillow-7.1.2-py3.8-macosx-10.9-x86_64.egg", hash = "sha256:70e3e0d99a0dcda66283a185f80697a9b08806963c6149c8e6c5f452b2aa59c0"},
    {file = "Pillow-7.1.2.tar.gz", hash = "sha256:a0b49960110bc6ff5fead46013bcb8825d101026d466f3a4de3476defe0fb0dd"},
]
pymupdf = [
    {file = "PyMuPDF-1.17.0-cp27-cp27m-macosx_10_9_x86_64.whl", hash = "sha256:b17889270590fc7c7ddf6f9bb226eab1a8e299860af10638dd2e0c95df6e5acc"},
    {file = "PyMuPDF-1.17.0-cp27-cp27m-manylinux2010_x86_64.whl", hash = "sha256:0f156bd7c5ddb80ab1b0c924a4cc37688ce1ee77afd9a13018fd3658a334d6f8"},
    {file = "PyMuPDF-1.17.0-cp27-cp27mu-manylinux2010_x86_64.whl", hash = "sha256:19433257a99754fa21390299882404db1fa70fb666467bc468000010f94f7822"},
    {file = "PyMuPDF-1.17.0-cp35-cp35m-macosx_10_9_x86_64.whl", hash = "sha256:11777d7a8321a3d91125b987e7bc8ee98417fe829e70127df3d44ccc31ecd0b0"},
    {file = "PyMuPDF-1.17.0-cp35-cp35m-manylinux2010_x86_64.whl", hash = "sha256:607da91ed1e080e40dd608aec8c2dce78d2cbe490b74c866be3e43d80ebf695a"},
    {file = "PyMuPDF-1.17.0-cp36-cp36m-macosx_10_9_x86_64.whl", hash = "sha256:504a7b5c043b13dbff07ea2c285b5f663ee9834a96e08872b7be19587baef8ab"},
    {file = "PyMuPDF-1.17.0-cp36-cp36m-manylinux2010_x86_64.whl", hash = "sha256:e50307d5ded4d3336840e6e350f558ec65357aa0ae0742937ae188d1ea22430f"},
    {file = "PyMuPDF-1.17.0-cp37-cp37m-macosx_10_9_x86_64.whl", hash = "sha256:1993488de5915dfb99743134cab1bb580c8a1186541331c3804fd66c4acf30ff"},
    {file = "PyMuPDF-1.17.0-cp37-cp37m-manylinux2010_x86_64.whl", hash = "sha256:91d9b3a0b73938c2db7dea5b65da3ababfe0e5027746ac60691424ac6b5bb1e0"},
    {file = "PyMuPDF-1.17.0-cp38-cp38-macosx_10_9_x86_64.whl", hash = "sha256:ad547e65ecbf89e061f6fbd11b570327c9d87bd84f2aeca6293fab8bb2a32f9b"},
    {file = "PyMuPDF-1.17.0-cp38-cp38-manylinux2010_x86_64.whl", hash = "sha256:5a07c8287646ea5d9aeab69ae8d427f2018770f100e85e6f126f17aa5352d8a7"},
    {file = "PyMuPDF-1.17.0.tar.gz", hash = "sha256:0de92a8fb65db6e661594cc5865a340a2daac3cb9bb58e030820769ece1343c1"},
]
six = [
    {file = "six-1.15.0-py2.py3-none-any.whl", hash = "sha256:8b74bedcbbbaca38ff6d7491d76f2b06b3592611af620f8426e82dddb04a5ced"},
    {file = "six-1.15.0.tar.gz", hash = "sha256:30639c035cdb23534cd4aa2dd52c3bf48f06e5f4a941509c8bafd8ce11080259"},
]
tatsu = [
    {file = "TatSu-4.4.0-py2.py3-none-any.whl", hash = "sha256:c9211eeee9a2d4c90f69879ec0b518b1aa0d9450249cb0dd181f5f5b18be0a92"},
    {file = "TatSu-4.4.0.zip", hash = "sha256:80713413473a009f2081148d0f494884cabaf9d6866b71f2a68a92b6442f343d"},
]
wxpython = [
    {file = "wxPython-4.1.0-cp27-cp27m-macosx_10_9_x86_64.whl", hash = "sha256:25ca6acdb11c7af681c1d0c0936f831c3bf403b0bcf59452d34d6540de77c8f2"},
    {file = "wxPython-4.1.0-cp27-cp27m-win32.whl", hash = "sha256:e366fef08f589d41572d472befa7ce280e269f97ce2e6005d46868c1021f75e5"},
    {file = "wxPython-4.1.0-cp27-cp27m-win_amd64.whl", hash = "sha256:908c3b79849547a400c353ab552878e179826100c117cbdc34000272d68ea4e5"},
    {file = "wxPython-4.1.0-cp36-cp36m-macosx_10_9_x86_64.whl", hash = "sha256:f4b90118c708ae725262938611a056c87cbfbbfb5659bcdbc09b347821483b50"},
    {file = "wxPython-4.1.0-cp36-cp36m-win32.whl", hash = "sha256:0c12164e59147ed820513c5a396c46d5ec600988bc0bb237cf0cd7defcfdf26a"},
    {file = "wxPython-4.1.0-cp36-cp36m-win_amd64.whl", hash = "sha256:691ac689cee21df79d2b3b5d327c65c4e660610f8d5b64ac813c57048eaf1835"},
    {file = "wxPython-4.1.0-cp37-cp37m-macosx_10_9_x86_64.whl", hash = "sha256:a0452911ffb5127e32d5a0f828c7c24ee233a786b4f24308924795d515dda8d3"},
    {file = "wxPython-4.1.0-cp37-cp37m-win32.whl", hash = "sha256:7e8b94387243722550bc053b3251f3255a8fd58d5c09a35ecc2d98111644f44f"},
    {file = "wxPython-4.1.0-cp37-cp37m-win_amd64.whl", hash = "sha256:93ef5c5a9a20ea183615cdebdd0a63658b511bc566eeeb06aca312ced383b867"},
    {file = "wxPython-4.1.0-cp38-cp38-macosx_10_9_x86_64.whl", hash = "sha256:0a920b94c6d1f9e1fbb8d036773b293905b913bdca85a6e85aadf106565d1f53"},
    {file = "wxPython-4.1.0-cp38-cp38-win32.whl", hash = "sha256:c26d8ba212c6813f597df14841f3683d76a8c6f6079708ebd66f01674384b7da"},
    {file = "wxPython-4.1.0-cp38-cp38-win_amd64.whl", hash = "sha256:413f8b36670706256d5e4d712742e7d73c5f59435ea3f903169d1da066fdfe80"},
    {file = "wxPython-4.1.0.tar.gz", hash = "sha256:2e2475cb755ac8d93d2f9335c39c060b4d17ecb5d4e0e86626d1e2834b64a48b"},
]
